{
  "name": "kasfd",
  "version": "1.0.0",
  "lockfileVersion": 1,
  "requires": true,
  "dependencies": {
    "gridy-grid": {
      "version": "1.4.4",
      "resolved": "https://registry.npmjs.org/gridy-grid/-/gridy-grid-1.4.4.tgz",
      "integrity": "sha512-y/O23/tFE/sA+3Zva8K65yRySdKnYiY9AaEjiwHG8F2/R56eOwTcmXhdcYboZKDjZbJGG/PRbAgUQU7fXODDFw=="
    },
    "hamburger-menu": {
      "version": "0.3.4",
      "resolved": "https://registry.npmjs.org/hamburger-menu/-/hamburger-menu-0.3.4.tgz",
      "integrity": "sha512-KPU82DCrOSt6m2D3jC9Df+/ZIMAW7n/dxHSLdldrEMbYpKBEPpFhydWLD5QFoYwDNJ1qlI0QOeSXN6Vbj21yvg==",
      "requires": {
        "jquery": "~3.5"
      }
    },
    "jquery": {
      "version": "3.5.1",
      "resolved": "https://registry.npmjs.org/jquery/-/jquery-3.5.1.tgz",
      "integrity": "sha512-XwIBPqcMn57FxfT+Go5pzySnm4KWkT1Tv7gjrpT1srtf8Weynl6R273VJ5GjkRb51IzMp5nbaPjJXMWeju2MKg=="
    }
  }
}
